
Microsoft Visual Studio Solution File, Format Version 12.00
# Visual Studio 2012
Project("{E24C65DC-7377-472B-9ABA-BC803B73C61A}") = "TestDemoSite", "TestDemoSite\", "{241A53BC-8ADF-40B1-A327-E1A8D51A83F5}"
	ProjectSection(WebsiteProperties) = preProject
		TargetFrameworkMoniker = ".NETFramework,Version%3Dv4.0"
		Debug.AspNetCompiler.VirtualPath = "/TestDemoSite"
		Debug.AspNetCompiler.PhysicalPath = "TestDemoSite\"
		Debug.AspNetCompiler.TargetPath = "PrecompiledWeb\TestDemoSite\"
		Debug.AspNetCompiler.Updateable = "true"
		Debug.AspNetCompiler.ForceOverwrite = "true"
		Debug.AspNetCompiler.FixedNames = "false"
		Debug.AspNetCompiler.Debug = "True"
		Release.AspNetCompiler.VirtualPath = "/TestDemoSite"
		Release.AspNetCompiler.PhysicalPath = "TestDemoSite\"
		Release.AspNetCompiler.TargetPath = "PrecompiledWeb\TestDemoSite\"
		Release.AspNetCompiler.Updateable = "true"
		Release.AspNetCompiler.ForceOverwrite = "true"
		Release.AspNetCompiler.FixedNames = "false"
		Release.AspNetCompiler.Debug = "False"
		VWDPort = "15125"
		ProjOutputReferences = "{fbbf3953-b7b0-4bc1-b752-fab84f2c9f0c}|ClientBin|false;"
	EndProjectSection
EndProject
Project("{FAE04EC0-301F-11D3-BF4B-00C04F79EFBC}") = "TestDemo", "TestDemo\TestDemo.csproj", "{FBBF3953-B7B0-4BC1-B752-FAB84F2C9F0C}"
EndProject
Global
	GlobalSection(SolutionConfigurationPlatforms) = preSolution
		Debug|Any CPU = Debug|Any CPU
		Release|Any CPU = Release|Any CPU
	EndGlobalSection
	GlobalSection(ProjectConfigurationPlatforms) = postSolution
		{241A53BC-8ADF-40B1-A327-E1A8D51A83F5}.Debug|Any CPU.ActiveCfg = Debug|Any CPU
		{241A53BC-8ADF-40B1-A327-E1A8D51A83F5}.Debug|Any CPU.Build.0 = Debug|Any CPU
		{241A53BC-8ADF-40B1-A327-E1A8D51A83F5}.Release|Any CPU.ActiveCfg = Debug|Any CPU
		{241A53BC-8ADF-40B1-A327-E1A8D51A83F5}.Release|Any CPU.Build.0 = Debug|Any CPU
		{FBBF3953-B7B0-4BC1-B752-FAB84F2C9F0C}.Debug|Any CPU.ActiveCfg = Debug|Any CPU
		{FBBF3953-B7B0-4BC1-B752-FAB84F2C9F0C}.Debug|Any CPU.Build.0 = Debug|Any CPU
		{FBBF3953-B7B0-4BC1-B752-FAB84F2C9F0C}.Release|Any CPU.ActiveCfg = Release|Any CPU
		{FBBF3953-B7B0-4BC1-B752-FAB84F2C9F0C}.Release|Any CPU.Build.0 = Release|Any CPU
	EndGlobalSection
	GlobalSection(SolutionProperties) = preSolution
		HideSolutionNode = FALSE
	EndGlobalSection
EndGlobal
