
Microsoft Visual Studio Solution File, Format Version 12.00
# Visual Studio 2012
Project("{FAE04EC0-301F-11D3-BF4B-00C04F79EFBC}") = "TestDemo", "TestDemo\TestDemo.csproj", "{CDD788F6-9029-49E9-9995-62206C6B51DB}"
EndProject
Global
	GlobalSection(SolutionConfigurationPlatforms) = preSolution
		Debug|Any CPU = Debug|Any CPU
		Release|Any CPU = Release|Any CPU
	EndGlobalSection
	GlobalSection(ProjectConfigurationPlatforms) = postSolution
		{CDD788F6-9029-49E9-9995-62206C6B51DB}.Debug|Any CPU.ActiveCfg = Debug|Any CPU
		{CDD788F6-9029-49E9-9995-62206C6B51DB}.Debug|Any CPU.Build.0 = Debug|Any CPU
		{CDD788F6-9029-49E9-9995-62206C6B51DB}.Release|Any CPU.ActiveCfg = Release|Any CPU
		{CDD788F6-9029-49E9-9995-62206C6B51DB}.Release|Any CPU.Build.0 = Release|Any CPU
	EndGlobalSection
	GlobalSection(SolutionProperties) = preSolution
		HideSolutionNode = FALSE
	EndGlobalSection
EndGlobal
