
Microsoft Visual Studio Solution File, Format Version 11.00
# Visual Studio 2010
Project("{FAE04EC0-301F-11D3-BF4B-00C04F79EFBC}") = "SilverlightApplication2", "SilverlightApplication2\SilverlightApplication2.csproj", "{0d29a1d5-5e06-4e66-958b-91fd42d54645}"
EndProject
Global
	GlobalSection(SolutionConfigurationPlatforms) = preSolution
		Debug|Any CPU = Debug|Any CPU
		Release|Any CPU = Release|Any CPU
	EndGlobalSection
	GlobalSection(ProjectConfigurationPlatforms) = postSolution
		{0D29A1D5-5E06-4E66-958B-91FD42D54645}.Debug|Any CPU.ActiveCfg = Debug|Any CPU
		{0D29A1D5-5E06-4E66-958B-91FD42D54645}.Debug|Any CPU.Build.0 = Debug|Any CPU
		{0D29A1D5-5E06-4E66-958B-91FD42D54645}.Release|Any CPU.ActiveCfg = Release|Any CPU
		{0D29A1D5-5E06-4E66-958B-91FD42D54645}.Release|Any CPU.Build.0 = Release|Any CPU
	EndGlobalSection
EndGlobal
