
Microsoft Visual Studio Solution File, Format Version 11.00
# Visual Studio 2010
Project("{E24C65DC-7377-472B-9ABA-BC803B73C61A}") = "SilverlightApplication3Site", "SilverlightApplication3Site\", "{615ea587-b490-4271-8e30-77ac460c65cc}"
	ProjectSection(WebsiteProperties) = preProject
		TargetFrameworkMoniker = ".NETFramework,Version%3Dv4.0"
		ProjOutputReferences = "{93533159-6afa-415c-b957-3d9dff942ee6}|ClientBin|false;"
	EndProjectSection
EndProject
Project("{FAE04EC0-301F-11D3-BF4B-00C04F79EFBC}") = "SilverlightApplication3", "SilverlightApplication3\SilverlightApplication3.csproj", "{93533159-6afa-415c-b957-3d9dff942ee6}"
EndProject
Global
	GlobalSection(SolutionConfigurationPlatforms) = preSolution
		Debug|Any CPU = Debug|Any CPU
		Release|Any CPU = Release|Any CPU
	EndGlobalSection
	GlobalSection(ProjectConfigurationPlatforms) = postSolution
		{615EA587-B490-4271-8E30-77AC460C65CC}.Debug|Any CPU.ActiveCfg = Debug|Any CPU
		{615EA587-B490-4271-8E30-77AC460C65CC}.Debug|Any CPU.Build.0 = Debug|Any CPU
		{615EA587-B490-4271-8E30-77AC460C65CC}.Release|Any CPU.ActiveCfg = Release|Any CPU
		{615EA587-B490-4271-8E30-77AC460C65CC}.Release|Any CPU.Build.0 = Release|Any CPU
		{93533159-6AFA-415C-B957-3D9DFF942EE6}.Debug|Any CPU.ActiveCfg = Debug|Any CPU
		{93533159-6AFA-415C-B957-3D9DFF942EE6}.Debug|Any CPU.Build.0 = Debug|Any CPU
		{93533159-6AFA-415C-B957-3D9DFF942EE6}.Release|Any CPU.ActiveCfg = Release|Any CPU
		{93533159-6AFA-415C-B957-3D9DFF942EE6}.Release|Any CPU.Build.0 = Release|Any CPU
	EndGlobalSection
EndGlobal
