
Microsoft Visual Studio Solution File, Format Version 12.00
# Visual Studio 2012
Project("{FAE04EC0-301F-11D3-BF4B-00C04F79EFBC}") = "WPF2000", "WPF2000\WPF2000.csproj", "{FB63B3B9-FE59-4F1B-BECF-6D9333B538DD}"
EndProject
Global
	GlobalSection(SolutionConfigurationPlatforms) = preSolution
		Debug|Any CPU = Debug|Any CPU
		Release|Any CPU = Release|Any CPU
	EndGlobalSection
	GlobalSection(ProjectConfigurationPlatforms) = postSolution
		{FB63B3B9-FE59-4F1B-BECF-6D9333B538DD}.Debug|Any CPU.ActiveCfg = Debug|Any CPU
		{FB63B3B9-FE59-4F1B-BECF-6D9333B538DD}.Debug|Any CPU.Build.0 = Debug|Any CPU
		{FB63B3B9-FE59-4F1B-BECF-6D9333B538DD}.Release|Any CPU.ActiveCfg = Release|Any CPU
		{FB63B3B9-FE59-4F1B-BECF-6D9333B538DD}.Release|Any CPU.Build.0 = Release|Any CPU
	EndGlobalSection
	GlobalSection(SolutionProperties) = preSolution
		HideSolutionNode = FALSE
	EndGlobalSection
EndGlobal
