
Microsoft Visual Studio Solution File, Format Version 12.00
# Visual Studio 2012
Project("{FAE04EC0-301F-11D3-BF4B-00C04F79EFBC}") = "WcfService", "WcfService\WcfService.csproj", "{E8E18693-F35E-428E-B6EE-BD346AC8E9EA}"
EndProject
Project("{FAE04EC0-301F-11D3-BF4B-00C04F79EFBC}") = "WcfClient", "WcfClient\WcfClient.csproj", "{EC11302D-D39A-4869-80BA-A3F8059B7A71}"
	ProjectSection(ProjectDependencies) = postProject
		{E8E18693-F35E-428E-B6EE-BD346AC8E9EA} = {E8E18693-F35E-428E-B6EE-BD346AC8E9EA}
	EndProjectSection
EndProject
Global
	GlobalSection(SolutionConfigurationPlatforms) = preSolution
		Debug|Any CPU = Debug|Any CPU
		Release|Any CPU = Release|Any CPU
	EndGlobalSection
	GlobalSection(ProjectConfigurationPlatforms) = postSolution
		{E8E18693-F35E-428E-B6EE-BD346AC8E9EA}.Debug|Any CPU.ActiveCfg = Debug|Any CPU
		{E8E18693-F35E-428E-B6EE-BD346AC8E9EA}.Debug|Any CPU.Build.0 = Debug|Any CPU
		{E8E18693-F35E-428E-B6EE-BD346AC8E9EA}.Release|Any CPU.ActiveCfg = Release|Any CPU
		{E8E18693-F35E-428E-B6EE-BD346AC8E9EA}.Release|Any CPU.Build.0 = Release|Any CPU
		{EC11302D-D39A-4869-80BA-A3F8059B7A71}.Debug|Any CPU.ActiveCfg = Debug|Any CPU
		{EC11302D-D39A-4869-80BA-A3F8059B7A71}.Debug|Any CPU.Build.0 = Debug|Any CPU
		{EC11302D-D39A-4869-80BA-A3F8059B7A71}.Release|Any CPU.ActiveCfg = Release|Any CPU
		{EC11302D-D39A-4869-80BA-A3F8059B7A71}.Release|Any CPU.Build.0 = Release|Any CPU
	EndGlobalSection
	GlobalSection(SolutionProperties) = preSolution
		HideSolutionNode = FALSE
	EndGlobalSection
EndGlobal
