
Microsoft Visual Studio Solution File, Format Version 11.00
# Visual Studio 2010
Project("{FAE04EC0-301F-11D3-BF4B-00C04F79EFBC}") = "MX", "MX\MX.csproj", "{67f319f4-3e19-4506-b6b6-02bcf08efe7a}"
EndProject
Global
	GlobalSection(SolutionConfigurationPlatforms) = preSolution
		Debug|Any CPU = Debug|Any CPU
		Release|Any CPU = Release|Any CPU
	EndGlobalSection
	GlobalSection(ProjectConfigurationPlatforms) = postSolution
		{67F319F4-3E19-4506-B6B6-02BCF08EFE7A}.Debug|Any CPU.ActiveCfg = Debug|Any CPU
		{67F319F4-3E19-4506-B6B6-02BCF08EFE7A}.Debug|Any CPU.Build.0 = Debug|Any CPU
		{67F319F4-3E19-4506-B6B6-02BCF08EFE7A}.Release|Any CPU.ActiveCfg = Release|Any CPU
		{67F319F4-3E19-4506-B6B6-02BCF08EFE7A}.Release|Any CPU.Build.0 = Release|Any CPU
	EndGlobalSection
EndGlobal
